
Microsoft Visual Studio Solution File, Format Version 12.00
# Visual Studio Version 17
VisualStudioVersion = 17.11.35327.3
MinimumVisualStudioVersion = 10.0.40219.1
Project("{FAE04EC0-301F-11D3-BF4B-00C04F79EFBC}") = "BondaCatalinLab7", "BondaCatalinLab7.csproj", "{EB7F82A6-026B-43FF-97FB-F3086609C422}"
EndProject
Global
	GlobalSection(SolutionConfigurationPlatforms) = preSolution
		Debug|Any CPU = Debug|Any CPU
		Release|Any CPU = Release|Any CPU
	EndGlobalSection
	GlobalSection(ProjectConfigurationPlatforms) = postSolution
		{EB7F82A6-026B-43FF-97FB-F3086609C422}.Debug|Any CPU.ActiveCfg = Debug|Any CPU
		{EB7F82A6-026B-43FF-97FB-F3086609C422}.Debug|Any CPU.Build.0 = Debug|Any CPU
		{EB7F82A6-026B-43FF-97FB-F3086609C422}.Debug|Any CPU.Deploy.0 = Debug|Any CPU
		{EB7F82A6-026B-43FF-97FB-F3086609C422}.Release|Any CPU.ActiveCfg = Release|Any CPU
		{EB7F82A6-026B-43FF-97FB-F3086609C422}.Release|Any CPU.Build.0 = Release|Any CPU
		{EB7F82A6-026B-43FF-97FB-F3086609C422}.Release|Any CPU.Deploy.0 = Release|Any CPU
	EndGlobalSection
	GlobalSection(SolutionProperties) = preSolution
		HideSolutionNode = FALSE
	EndGlobalSection
	GlobalSection(ExtensibilityGlobals) = postSolution
		SolutionGuid = {FAA0B896-E129-433F-B70E-C564C3EAEC0F}
	EndGlobalSection
EndGlobal
